
Microsoft Visual Studio Solution File, Format Version 12.00
# Visual Studio Version 17
VisualStudioVersion = 17.3.32819.101
MinimumVisualStudioVersion = 10.0.40219.1
Project("{FAE04EC0-301F-11D3-BF4B-00C04F79EFBC}") = "TZ_CVD", "TZ_CVD\TZ_CVD.csproj", "{46C83F40-F046-4AE0-8EC4-5FC27222D421}"
EndProject
Global
	GlobalSection(SolutionConfigurationPlatforms) = preSolution
		Debug|Any CPU = Debug|Any CPU
		Release|Any CPU = Release|Any CPU
	EndGlobalSection
	GlobalSection(ProjectConfigurationPlatforms) = postSolution
		{46C83F40-F046-4AE0-8EC4-5FC27222D421}.Debug|Any CPU.ActiveCfg = Debug|Any CPU
		{46C83F40-F046-4AE0-8EC4-5FC27222D421}.Debug|Any CPU.Build.0 = Debug|Any CPU
		{46C83F40-F046-4AE0-8EC4-5FC27222D421}.Release|Any CPU.ActiveCfg = Release|Any CPU
		{46C83F40-F046-4AE0-8EC4-5FC27222D421}.Release|Any CPU.Build.0 = Release|Any CPU
	EndGlobalSection
	GlobalSection(SolutionProperties) = preSolution
		HideSolutionNode = FALSE
	EndGlobalSection
	GlobalSection(ExtensibilityGlobals) = postSolution
		SolutionGuid = {17D83F23-F182-42D9-AD14-4263B3217294}
	EndGlobalSection
EndGlobal
